
Microsoft Visual Studio Solution File, Format Version 12.00
# Visual Studio 14
VisualStudioVersion = 14.0.25420.1
MinimumVisualStudioVersion = 10.0.40219.1
Project("{FAE04EC0-301F-11D3-BF4B-00C04F79EFBC}") = "McClient", "McClient\McClient.csproj", "{34DEE932-E9C9-4CE1-B786-0CAD0119E728}"
EndProject
Project("{2150E333-8FDC-42A3-9474-1A3956D46DE8}") = "Libraries", "Libraries", "{4B7C760B-AFA9-4E7D-9ECB-D760458B93F8}"
EndProject
Project("{FAE04EC0-301F-11D3-BF4B-00C04F79EFBC}") = "CWA_Connection", "Connection\CWA_Connection.csproj", "{04B8E3C1-4D43-4751-883E-6F9A2156F2A1}"
EndProject
Project("{FAE04EC0-301F-11D3-BF4B-00C04F79EFBC}") = "CWA_PrintMacros", "Macroses\CWA_PrintMacros.csproj", "{02F59898-F418-4A9C-A33F-7CAB70DF8157}"
EndProject
Project("{FAE04EC0-301F-11D3-BF4B-00C04F79EFBC}") = "CWA_Printing", "Printing\CWA_Printing.csproj", "{D61845DF-338F-4529-A83E-65A01EFD3F20}"
EndProject
Project("{FAE04EC0-301F-11D3-BF4B-00C04F79EFBC}") = "CWA_VectorHM", "VectorHM\CWA_VectorHM.csproj", "{04D058E1-3018-46EA-A939-E7351987B2C3}"
EndProject
Project("{FAE04EC0-301F-11D3-BF4B-00C04F79EFBC}") = "CWA_Vectors", "Vectors\CWA_Vectors.csproj", "{154DBF89-C8B7-488B-A8EF-9CCBE76A0C10}"
EndProject
Project("{FAE04EC0-301F-11D3-BF4B-00C04F79EFBC}") = "CWA_VEditor", "VEditor\CWA_VEditor.csproj", "{6FB9A28A-D2F1-49DB-8A43-8023F6EAB1D2}"
EndProject
Project("{FAE04EC0-301F-11D3-BF4B-00C04F79EFBC}") = "CnC_WFA", "PlotterControl\CnC_WFA.csproj", "{897FE156-CCC2-4992-8144-ABB654EA92B9}"
EndProject
Project("{FAE04EC0-301F-11D3-BF4B-00C04F79EFBC}") = "CnCWFA_Resources", "Resources\CnCWFA_Resources.csproj", "{E8E3A87A-490A-4701-9D1B-83BC6AC2B568}"
EndProject
Global
	GlobalSection(SolutionConfigurationPlatforms) = preSolution
		Debug|Any CPU = Debug|Any CPU
		Release|Any CPU = Release|Any CPU
	EndGlobalSection
	GlobalSection(ProjectConfigurationPlatforms) = postSolution
		{34DEE932-E9C9-4CE1-B786-0CAD0119E728}.Debug|Any CPU.ActiveCfg = Debug|Any CPU
		{34DEE932-E9C9-4CE1-B786-0CAD0119E728}.Debug|Any CPU.Build.0 = Debug|Any CPU
		{34DEE932-E9C9-4CE1-B786-0CAD0119E728}.Release|Any CPU.ActiveCfg = Release|Any CPU
		{34DEE932-E9C9-4CE1-B786-0CAD0119E728}.Release|Any CPU.Build.0 = Release|Any CPU
		{04B8E3C1-4D43-4751-883E-6F9A2156F2A1}.Debug|Any CPU.ActiveCfg = Debug|Any CPU
		{04B8E3C1-4D43-4751-883E-6F9A2156F2A1}.Debug|Any CPU.Build.0 = Debug|Any CPU
		{04B8E3C1-4D43-4751-883E-6F9A2156F2A1}.Release|Any CPU.ActiveCfg = Release|Any CPU
		{04B8E3C1-4D43-4751-883E-6F9A2156F2A1}.Release|Any CPU.Build.0 = Release|Any CPU
		{02F59898-F418-4A9C-A33F-7CAB70DF8157}.Debug|Any CPU.ActiveCfg = Debug|Any CPU
		{02F59898-F418-4A9C-A33F-7CAB70DF8157}.Debug|Any CPU.Build.0 = Debug|Any CPU
		{02F59898-F418-4A9C-A33F-7CAB70DF8157}.Release|Any CPU.ActiveCfg = Release|Any CPU
		{02F59898-F418-4A9C-A33F-7CAB70DF8157}.Release|Any CPU.Build.0 = Release|Any CPU
		{D61845DF-338F-4529-A83E-65A01EFD3F20}.Debug|Any CPU.ActiveCfg = Debug|Any CPU
		{D61845DF-338F-4529-A83E-65A01EFD3F20}.Debug|Any CPU.Build.0 = Debug|Any CPU
		{D61845DF-338F-4529-A83E-65A01EFD3F20}.Release|Any CPU.ActiveCfg = Release|Any CPU
		{D61845DF-338F-4529-A83E-65A01EFD3F20}.Release|Any CPU.Build.0 = Release|Any CPU
		{04D058E1-3018-46EA-A939-E7351987B2C3}.Debug|Any CPU.ActiveCfg = Debug|Any CPU
		{04D058E1-3018-46EA-A939-E7351987B2C3}.Debug|Any CPU.Build.0 = Debug|Any CPU
		{04D058E1-3018-46EA-A939-E7351987B2C3}.Release|Any CPU.ActiveCfg = Release|Any CPU
		{04D058E1-3018-46EA-A939-E7351987B2C3}.Release|Any CPU.Build.0 = Release|Any CPU
		{154DBF89-C8B7-488B-A8EF-9CCBE76A0C10}.Debug|Any CPU.ActiveCfg = Debug|Any CPU
		{154DBF89-C8B7-488B-A8EF-9CCBE76A0C10}.Debug|Any CPU.Build.0 = Debug|Any CPU
		{154DBF89-C8B7-488B-A8EF-9CCBE76A0C10}.Release|Any CPU.ActiveCfg = Release|Any CPU
		{154DBF89-C8B7-488B-A8EF-9CCBE76A0C10}.Release|Any CPU.Build.0 = Release|Any CPU
		{6FB9A28A-D2F1-49DB-8A43-8023F6EAB1D2}.Debug|Any CPU.ActiveCfg = Debug|Any CPU
		{6FB9A28A-D2F1-49DB-8A43-8023F6EAB1D2}.Debug|Any CPU.Build.0 = Debug|Any CPU
		{6FB9A28A-D2F1-49DB-8A43-8023F6EAB1D2}.Release|Any CPU.ActiveCfg = Release|Any CPU
		{6FB9A28A-D2F1-49DB-8A43-8023F6EAB1D2}.Release|Any CPU.Build.0 = Release|Any CPU
		{897FE156-CCC2-4992-8144-ABB654EA92B9}.Debug|Any CPU.ActiveCfg = Debug|Any CPU
		{897FE156-CCC2-4992-8144-ABB654EA92B9}.Debug|Any CPU.Build.0 = Debug|Any CPU
		{897FE156-CCC2-4992-8144-ABB654EA92B9}.Release|Any CPU.ActiveCfg = Release|Any CPU
		{897FE156-CCC2-4992-8144-ABB654EA92B9}.Release|Any CPU.Build.0 = Release|Any CPU
		{E8E3A87A-490A-4701-9D1B-83BC6AC2B568}.Debug|Any CPU.ActiveCfg = Debug|Any CPU
		{E8E3A87A-490A-4701-9D1B-83BC6AC2B568}.Debug|Any CPU.Build.0 = Debug|Any CPU
		{E8E3A87A-490A-4701-9D1B-83BC6AC2B568}.Release|Any CPU.ActiveCfg = Release|Any CPU
		{E8E3A87A-490A-4701-9D1B-83BC6AC2B568}.Release|Any CPU.Build.0 = Release|Any CPU
	EndGlobalSection
	GlobalSection(SolutionProperties) = preSolution
		HideSolutionNode = FALSE
	EndGlobalSection
	GlobalSection(NestedProjects) = preSolution
		{04B8E3C1-4D43-4751-883E-6F9A2156F2A1} = {4B7C760B-AFA9-4E7D-9ECB-D760458B93F8}
		{02F59898-F418-4A9C-A33F-7CAB70DF8157} = {4B7C760B-AFA9-4E7D-9ECB-D760458B93F8}
		{D61845DF-338F-4529-A83E-65A01EFD3F20} = {4B7C760B-AFA9-4E7D-9ECB-D760458B93F8}
		{04D058E1-3018-46EA-A939-E7351987B2C3} = {4B7C760B-AFA9-4E7D-9ECB-D760458B93F8}
		{154DBF89-C8B7-488B-A8EF-9CCBE76A0C10} = {4B7C760B-AFA9-4E7D-9ECB-D760458B93F8}
		{6FB9A28A-D2F1-49DB-8A43-8023F6EAB1D2} = {4B7C760B-AFA9-4E7D-9ECB-D760458B93F8}
	EndGlobalSection
EndGlobal
